
Microsoft Visual Studio Solution File, Format Version 12.00
# Visual Studio Version 17
VisualStudioVersion = 17.5.002.0
MinimumVisualStudioVersion = 10.0.40219.1
Project("{2150E333-8FDC-42A3-9474-1A3956D46DE8}") = "Acclaimed.Backend", "Acclaimed.Backend", "{B797FEF5-013C-4380-911C-A62FEAB1B15E}"
EndProject
Project("{2150E333-8FDC-42A3-9474-1A3956D46DE8}") = "src", "src", "{AE3B2EEE-90E3-466B-BA57-80DF1A443161}"
EndProject
Project("{9A19103F-16F7-4668-BE54-9A1E7A4F7556}") = "Acclaimed.Domain", "Acclaimed.Backend\src\Acclaimed.Domain\Acclaimed.Domain.csproj", "{9824A484-C8A4-43FD-B0B4-8C1C99B341E8}"
EndProject
Project("{9A19103F-16F7-4668-BE54-9A1E7A4F7556}") = "Acclaimed.API", "Acclaimed.Backend\src\Acclaimed.API\Acclaimed.API.csproj", "{A68C1CAA-65A6-4781-89CB-E26C013E105D}"
EndProject
Project("{9A19103F-16F7-4668-BE54-9A1E7A4F7556}") = "Acclaimed.Application", "Acclaimed.Backend\src\Acclaimed.Application\Acclaimed.Application.csproj", "{DF80E57F-E884-44C8-B6A1-0BC297F6CC7C}"
EndProject
Project("{9A19103F-16F7-4668-BE54-9A1E7A4F7556}") = "Acclaimed.Infrastructure", "Acclaimed.Backend\src\Acclaimed.Infrastructure\Acclaimed.Infrastructure.csproj", "{E8E4155B-148B-46C3-B6CB-D2D43314D4D6}"
EndProject
Global
	GlobalSection(SolutionConfigurationPlatforms) = preSolution
		Debug|Any CPU = Debug|Any CPU
		Release|Any CPU = Release|Any CPU
	EndGlobalSection
	GlobalSection(ProjectConfigurationPlatforms) = postSolution
		{9824A484-C8A4-43FD-B0B4-8C1C99B341E8}.Debug|Any CPU.ActiveCfg = Debug|Any CPU
		{9824A484-C8A4-43FD-B0B4-8C1C99B341E8}.Debug|Any CPU.Build.0 = Debug|Any CPU
		{9824A484-C8A4-43FD-B0B4-8C1C99B341E8}.Release|Any CPU.ActiveCfg = Release|Any CPU
		{9824A484-C8A4-43FD-B0B4-8C1C99B341E8}.Release|Any CPU.Build.0 = Release|Any CPU
		{A68C1CAA-65A6-4781-89CB-E26C013E105D}.Debug|Any CPU.ActiveCfg = Debug|Any CPU
		{A68C1CAA-65A6-4781-89CB-E26C013E105D}.Debug|Any CPU.Build.0 = Debug|Any CPU
		{A68C1CAA-65A6-4781-89CB-E26C013E105D}.Release|Any CPU.ActiveCfg = Release|Any CPU
		{A68C1CAA-65A6-4781-89CB-E26C013E105D}.Release|Any CPU.Build.0 = Release|Any CPU
		{DF80E57F-E884-44C8-B6A1-0BC297F6CC7C}.Debug|Any CPU.ActiveCfg = Debug|Any CPU
		{DF80E57F-E884-44C8-B6A1-0BC297F6CC7C}.Debug|Any CPU.Build.0 = Debug|Any CPU
		{DF80E57F-E884-44C8-B6A1-0BC297F6CC7C}.Release|Any CPU.ActiveCfg = Release|Any CPU
		{DF80E57F-E884-44C8-B6A1-0BC297F6CC7C}.Release|Any CPU.Build.0 = Release|Any CPU
		{E8E4155B-148B-46C3-B6CB-D2D43314D4D6}.Debug|Any CPU.ActiveCfg = Debug|Any CPU
		{E8E4155B-148B-46C3-B6CB-D2D43314D4D6}.Debug|Any CPU.Build.0 = Debug|Any CPU
		{E8E4155B-148B-46C3-B6CB-D2D43314D4D6}.Release|Any CPU.ActiveCfg = Release|Any CPU
		{E8E4155B-148B-46C3-B6CB-D2D43314D4D6}.Release|Any CPU.Build.0 = Release|Any CPU
	EndGlobalSection
	GlobalSection(SolutionProperties) = preSolution
		HideSolutionNode = FALSE
	EndGlobalSection
	GlobalSection(NestedProjects) = preSolution
		{AE3B2EEE-90E3-466B-BA57-80DF1A443161} = {B797FEF5-013C-4380-911C-A62FEAB1B15E}
		{9824A484-C8A4-43FD-B0B4-8C1C99B341E8} = {AE3B2EEE-90E3-466B-BA57-80DF1A443161}
		{A68C1CAA-65A6-4781-89CB-E26C013E105D} = {AE3B2EEE-90E3-466B-BA57-80DF1A443161}
		{DF80E57F-E884-44C8-B6A1-0BC297F6CC7C} = {AE3B2EEE-90E3-466B-BA57-80DF1A443161}
		{E8E4155B-148B-46C3-B6CB-D2D43314D4D6} = {AE3B2EEE-90E3-466B-BA57-80DF1A443161}
	EndGlobalSection
	GlobalSection(ExtensibilityGlobals) = postSolution
		SolutionGuid = {FE640796-CCCC-4645-8B98-A9B198687FC6}
	EndGlobalSection
EndGlobal
